// !$*UTF8*$!
{
	archiveVersion = 1;
	classes = {
	};
	objectVersion = 56;
	objects = {

/* Begin PBXBuildFile section */
		7F4DBD2F2DE16A39004973C9 /* AnimationStateMachine.swift in Sources */ = {isa = PBXBuildFile; fileRef = 7F4DBD2E2DE16A39004973C9 /* AnimationStateMachine.swift */; };
		7F732BF72DDD4B820079BA4E /* sprites.sks in Resources */ = {isa = PBXBuildFile; fileRef = 7F732BF62DDD4B820079BA4E /* sprites.sks */; };
		7F8D7BFF2D47575A00B5E1BD /* AppDelegate.swift in Sources */ = {isa = PBXBuildFile; fileRef = 7F8D7BFE2D47575A00B5E1BD /* AppDelegate.swift */; };
		7F8D7C012D47575A00B5E1BD /* GameScene.sks in Resources */ = {isa = PBXBuildFile; fileRef = 7F8D7C002D47575A00B5E1BD /* GameScene.sks */; };
		7F8D7C032D47575A00B5E1BD /* Actions.sks in Resources */ = {isa = PBXBuildFile; fileRef = 7F8D7C022D47575A00B5E1BD /* Actions.sks */; };
		7F8D7C052D47575A00B5E1BD /* GameScene.swift in Sources */ = {isa = PBXBuildFile; fileRef = 7F8D7C042D47575A00B5E1BD /* GameScene.swift */; };
		7F8D7C072D47575A00B5E1BD /* GameViewController.swift in Sources */ = {isa = PBXBuildFile; fileRef = 7F8D7C062D47575A00B5E1BD /* GameViewController.swift */; };
		7F8D7C0A2D47575A00B5E1BD /* Base in Resources */ = {isa = PBXBuildFile; fileRef = 7F8D7C092D47575A00B5E1BD /* Base */; };
		7F8D7C0C2D47575B00B5E1BD /* Assets.xcassets in Resources */ = {isa = PBXBuildFile; fileRef = 7F8D7C0B2D47575B00B5E1BD /* Assets.xcassets */; };
		7F8D7C0F2D47575B00B5E1BD /* Base in Resources */ = {isa = PBXBuildFile; fileRef = 7F8D7C0E2D47575B00B5E1BD /* Base */; };
		7F8D7C192D47575B00B5E1BD /* GomokuTests.swift in Sources */ = {isa = PBXBuildFile; fileRef = 7F8D7C182D47575B00B5E1BD /* GomokuTests.swift */; };
		7F8D7C232D47575B00B5E1BD /* GomokuUITests.swift in Sources */ = {isa = PBXBuildFile; fileRef = 7F8D7C222D47575B00B5E1BD /* GomokuUITests.swift */; };
		7F8D7C252D47575B00B5E1BD /* GomokuUITestsLaunchTests.swift in Sources */ = {isa = PBXBuildFile; fileRef = 7F8D7C242D47575B00B5E1BD /* GomokuUITestsLaunchTests.swift */; };
		7F8D7C322D500C7F00B5E1BD /* AIEngine.swift in Sources */ = {isa = PBXBuildFile; fileRef = 7F8D7C312D500C7F00B5E1BD /* AIEngine.swift */; };
		7FE2D9402DE65112003586EF /* Robot.swift in Sources */ = {isa = PBXBuildFile; fileRef = 7FE2D93F2DE6510D003586EF /* Robot.swift */; };
		7FE2D9422DE65236003586EF /* GameLog.swift in Sources */ = {isa = PBXBuildFile; fileRef = 7FE2D9412DE65232003586EF /* GameLog.swift */; };
		7FE2D9442DEB923E003586EF /* HUDLayer.swift in Sources */ = {isa = PBXBuildFile; fileRef = 7FE2D9432DEB923B003586EF /* HUDLayer.swift */; };
		7FE2D9462DF1879F003586EF /* Door.swift in Sources */ = {isa = PBXBuildFile; fileRef = 7FE2D9452DF1879D003586EF /* Door.swift */; };
		7FE2D9482DF18BB2003586EF /* inscriptions.json in Resources */ = {isa = PBXBuildFile; fileRef = 7FE2D9472DF18BB2003586EF /* inscriptions.json */; };
/* End PBXBuildFile section */

/* Begin PBXContainerItemProxy section */
		7F8D7C152D47575B00B5E1BD /* PBXContainerItemProxy */ = {
			isa = PBXContainerItemProxy;
			containerPortal = 7F8D7BF32D47575A00B5E1BD /* Project object */;
			proxyType = 1;
			remoteGlobalIDString = 7F8D7BFA2D47575A00B5E1BD;
			remoteInfo = Gomoku;
		};
		7F8D7C1F2D47575B00B5E1BD /* PBXContainerItemProxy */ = {
			isa = PBXContainerItemProxy;
			containerPortal = 7F8D7BF32D47575A00B5E1BD /* Project object */;
			proxyType = 1;
			remoteGlobalIDString = 7F8D7BFA2D47575A00B5E1BD;
			remoteInfo = Gomoku;
		};
/* End PBXContainerItemProxy section */

/* Begin PBXFileReference section */
		7F4DBD2E2DE16A39004973C9 /* AnimationStateMachine.swift */ = {isa = PBXFileReference; lastKnownFileType = sourcecode.swift; path = AnimationStateMachine.swift; sourceTree = "<group>"; };
		7F732BF62DDD4B820079BA4E /* sprites.sks */ = {isa = PBXFileReference; lastKnownFileType = file.sks; path = sprites.sks; sourceTree = "<group>"; };
		7F8D7BFB2D47575A00B5E1BD /* Gomoku.app */ = {isa = PBXFileReference; explicitFileType = wrapper.application; includeInIndex = 0; path = Gomoku.app; sourceTree = BUILT_PRODUCTS_DIR; };
		7F8D7BFE2D47575A00B5E1BD /* AppDelegate.swift */ = {isa = PBXFileReference; lastKnownFileType = sourcecode.swift; path = AppDelegate.swift; sourceTree = "<group>"; };
		7F8D7C002D47575A00B5E1BD /* GameScene.sks */ = {isa = PBXFileReference; lastKnownFileType = file.sks; path = GameScene.sks; sourceTree = "<group>"; };
		7F8D7C022D47575A00B5E1BD /* Actions.sks */ = {isa = PBXFileReference; lastKnownFileType = file.sks; path = Actions.sks; sourceTree = "<group>"; };
		7F8D7C042D47575A00B5E1BD /* GameScene.swift */ = {isa = PBXFileReference; lastKnownFileType = sourcecode.swift; path = GameScene.swift; sourceTree = "<group>"; };
		7F8D7C062D47575A00B5E1BD /* GameViewController.swift */ = {isa = PBXFileReference; lastKnownFileType = sourcecode.swift; path = GameViewController.swift; sourceTree = "<group>"; };
		7F8D7C092D47575A00B5E1BD /* Base */ = {isa = PBXFileReference; lastKnownFileType = file.storyboard; name = Base; path = Base.lproj/Main.storyboard; sourceTree = "<group>"; };
		7F8D7C0B2D47575B00B5E1BD /* Assets.xcassets */ = {isa = PBXFileReference; lastKnownFileType = folder.assetcatalog; path = Assets.xcassets; sourceTree = "<group>"; };
		7F8D7C0E2D47575B00B5E1BD /* Base */ = {isa = PBXFileReference; lastKnownFileType = file.storyboard; name = Base; path = Base.lproj/LaunchScreen.storyboard; sourceTree = "<group>"; };
		7F8D7C142D47575B00B5E1BD /* GomokuTests.xctest */ = {isa = PBXFileReference; explicitFileType = wrapper.cfbundle; includeInIndex = 0; path = GomokuTests.xctest; sourceTree = BUILT_PRODUCTS_DIR; };
		7F8D7C182D47575B00B5E1BD /* GomokuTests.swift */ = {isa = PBXFileReference; lastKnownFileType = sourcecode.swift; path = GomokuTests.swift; sourceTree = "<group>"; };
		7F8D7C1E2D47575B00B5E1BD /* GomokuUITests.xctest */ = {isa = PBXFileReference; explicitFileType = wrapper.cfbundle; includeInIndex = 0; path = GomokuUITests.xctest; sourceTree = BUILT_PRODUCTS_DIR; };
		7F8D7C222D47575B00B5E1BD /* GomokuUITests.swift */ = {isa = PBXFileReference; lastKnownFileType = sourcecode.swift; path = GomokuUITests.swift; sourceTree = "<group>"; };
		7F8D7C242D47575B00B5E1BD /* GomokuUITestsLaunchTests.swift */ = {isa = PBXFileReference; lastKnownFileType = sourcecode.swift; path = GomokuUITestsLaunchTests.swift; sourceTree = "<group>"; };
		7F8D7C312D500C7F00B5E1BD /* AIEngine.swift */ = {isa = PBXFileReference; lastKnownFileType = sourcecode.swift; path = AIEngine.swift; sourceTree = "<group>"; };
		7FE2D93F2DE6510D003586EF /* Robot.swift */ = {isa = PBXFileReference; lastKnownFileType = sourcecode.swift; path = Robot.swift; sourceTree = "<group>"; };
		7FE2D9412DE65232003586EF /* GameLog.swift */ = {isa = PBXFileReference; lastKnownFileType = sourcecode.swift; path = GameLog.swift; sourceTree = "<group>"; };
		7FE2D9432DEB923B003586EF /* HUDLayer.swift */ = {isa = PBXFileReference; lastKnownFileType = sourcecode.swift; path = HUDLayer.swift; sourceTree = "<group>"; };
		7FE2D9452DF1879D003586EF /* Door.swift */ = {isa = PBXFileReference; lastKnownFileType = sourcecode.swift; path = Door.swift; sourceTree = "<group>"; };
		7FE2D9472DF18BB2003586EF /* inscriptions.json */ = {isa = PBXFileReference; lastKnownFileType = text.json; path = inscriptions.json; sourceTree = "<group>"; };
/* End PBXFileReference section */

/* Begin PBXFrameworksBuildPhase section */
		7F8D7BF82D47575A00B5E1BD /* Frameworks */ = {
			isa = PBXFrameworksBuildPhase;
			buildActionMask = 2147483647;
			files = (
			);
			runOnlyForDeploymentPostprocessing = 0;
		};
		7F8D7C112D47575B00B5E1BD /* Frameworks */ = {
			isa = PBXFrameworksBuildPhase;
			buildActionMask = 2147483647;
			files = (
			);
			runOnlyForDeploymentPostprocessing = 0;
		};
		7F8D7C1B2D47575B00B5E1BD /* Frameworks */ = {
			isa = PBXFrameworksBuildPhase;
			buildActionMask = 2147483647;
			files = (
			);
			runOnlyForDeploymentPostprocessing = 0;
		};
/* End PBXFrameworksBuildPhase section */

/* Begin PBXGroup section */
		7F8D7BF22D47575A00B5E1BD = {
			isa = PBXGroup;
			children = (
				7F8D7BFD2D47575A00B5E1BD /* Gomoku */,
				7F8D7C172D47575B00B5E1BD /* GomokuTests */,
				7F8D7C212D47575B00B5E1BD /* GomokuUITests */,
				7F8D7BFC2D47575A00B5E1BD /* Products */,
			);
			sourceTree = "<group>";
		};
		7F8D7BFC2D47575A00B5E1BD /* Products */ = {
			isa = PBXGroup;
			children = (
				7F8D7BFB2D47575A00B5E1BD /* Gomoku.app */,
				7F8D7C142D47575B00B5E1BD /* GomokuTests.xctest */,
				7F8D7C1E2D47575B00B5E1BD /* GomokuUITests.xctest */,
			);
			name = Products;
			sourceTree = "<group>";
		};
		7F8D7BFD2D47575A00B5E1BD /* Gomoku */ = {
			isa = PBXGroup;
			children = (
				7FE2D9472DF18BB2003586EF /* inscriptions.json */,
				7FE2D9452DF1879D003586EF /* Door.swift */,
				7FE2D9432DEB923B003586EF /* HUDLayer.swift */,
				7FE2D9412DE65232003586EF /* GameLog.swift */,
				7FE2D93F2DE6510D003586EF /* Robot.swift */,
				7F8D7BFE2D47575A00B5E1BD /* AppDelegate.swift */,
				7F8D7C002D47575A00B5E1BD /* GameScene.sks */,
				7F8D7C022D47575A00B5E1BD /* Actions.sks */,
				7F8D7C042D47575A00B5E1BD /* GameScene.swift */,
				7F8D7C062D47575A00B5E1BD /* GameViewController.swift */,
				7F8D7C082D47575A00B5E1BD /* Main.storyboard */,
				7F8D7C0B2D47575B00B5E1BD /* Assets.xcassets */,
				7F8D7C0D2D47575B00B5E1BD /* LaunchScreen.storyboard */,
				7F8D7C312D500C7F00B5E1BD /* AIEngine.swift */,
				7F732BF62DDD4B820079BA4E /* sprites.sks */,
				7F4DBD2E2DE16A39004973C9 /* AnimationStateMachine.swift */,
			);
			path = Gomoku;
			sourceTree = "<group>";
		};
		7F8D7C172D47575B00B5E1BD /* GomokuTests */ = {
			isa = PBXGroup;
			children = (
				7F8D7C182D47575B00B5E1BD /* GomokuTests.swift */,
			);
			path = GomokuTests;
			sourceTree = "<group>";
		};
		7F8D7C212D47575B00B5E1BD /* GomokuUITests */ = {
			isa = PBXGroup;
			children = (
				7F8D7C222D47575B00B5E1BD /* GomokuUITests.swift */,
				7F8D7C242D47575B00B5E1BD /* GomokuUITestsLaunchTests.swift */,
			);
			path = GomokuUITests;
			sourceTree = "<group>";
		};
/* End PBXGroup section */

/* Begin PBXNativeTarget section */
		7F8D7BFA2D47575A00B5E1BD /* Gomoku */ = {
			isa = PBXNativeTarget;
			buildConfigurationList = 7F8D7C282D47575B00B5E1BD /* Build configuration list for PBXNativeTarget "Gomoku" */;
			buildPhases = (
				7F8D7BF72D47575A00B5E1BD /* Sources */,
				7F8D7BF82D47575A00B5E1BD /* Frameworks */,
				7F8D7BF92D47575A00B5E1BD /* Resources */,
			);
			buildRules = (
			);
			dependencies = (
			);
			name = Gomoku;
			productName = Gomoku;
			productReference = 7F8D7BFB2D47575A00B5E1BD /* Gomoku.app */;
			productType = "com.apple.product-type.application";
		};
		7F8D7C132D47575B00B5E1BD /* GomokuTests */ = {
			isa = PBXNativeTarget;
			buildConfigurationList = 7F8D7C2B2D47575B00B5E1BD /* Build configuration list for PBXNativeTarget "GomokuTests" */;
			buildPhases = (
				7F8D7C102D47575B00B5E1BD /* Sources */,
				7F8D7C112D47575B00B5E1BD /* Frameworks */,
				7F8D7C122D47575B00B5E1BD /* Resources */,
			);
			buildRules = (
			);
			dependencies = (
				7F8D7C162D47575B00B5E1BD /* PBXTargetDependency */,
			);
			name = GomokuTests;
			productName = GomokuTests;
			productReference = 7F8D7C142D47575B00B5E1BD /* GomokuTests.xctest */;
			productType = "com.apple.product-type.bundle.unit-test";
		};
		7F8D7C1D2D47575B00B5E1BD /* GomokuUITests */ = {
			isa = PBXNativeTarget;
			buildConfigurationList = 7F8D7C2E2D47575B00B5E1BD /* Build configuration list for PBXNativeTarget "GomokuUITests" */;
			buildPhases = (
				7F8D7C1A2D47575B00B5E1BD /* Sources */,
				7F8D7C1B2D47575B00B5E1BD /* Frameworks */,
				7F8D7C1C2D47575B00B5E1BD /* Resources */,
			);
			buildRules = (
			);
			dependencies = (
				7F8D7C202D47575B00B5E1BD /* PBXTargetDependency */,
			);
			name = GomokuUITests;
			productName = GomokuUITests;
			productReference = 7F8D7C1E2D47575B00B5E1BD /* GomokuUITests.xctest */;
			productType = "com.apple.product-type.bundle.ui-testing";
		};
/* End PBXNativeTarget section */

/* Begin PBXProject section */
		7F8D7BF32D47575A00B5E1BD /* Project object */ = {
			isa = PBXProject;
			attributes = {
				BuildIndependentTargetsInParallel = 1;
				LastSwiftUpdateCheck = 1530;
				LastUpgradeCheck = 1530;
				TargetAttributes = {
					7F8D7BFA2D47575A00B5E1BD = {
						CreatedOnToolsVersion = 15.3;
					};
					7F8D7C132D47575B00B5E1BD = {
						CreatedOnToolsVersion = 15.3;
						TestTargetID = 7F8D7BFA2D47575A00B5E1BD;
					};
					7F8D7C1D2D47575B00B5E1BD = {
						CreatedOnToolsVersion = 15.3;
						TestTargetID = 7F8D7BFA2D47575A00B5E1BD;
					};
				};
			};
			buildConfigurationList = 7F8D7BF62D47575A00B5E1BD /* Build configuration list for PBXProject "Gomoku" */;
			compatibilityVersion = "Xcode 14.0";
			developmentRegion = en;
			hasScannedForEncodings = 0;
			knownRegions = (
				en,
				Base,
			);
			mainGroup = 7F8D7BF22D47575A00B5E1BD;
			productRefGroup = 7F8D7BFC2D47575A00B5E1BD /* Products */;
			projectDirPath = "";
			projectRoot = "";
			targets = (
				7F8D7BFA2D47575A00B5E1BD /* Gomoku */,
				7F8D7C132D47575B00B5E1BD /* GomokuTests */,
				7F8D7C1D2D47575B00B5E1BD /* GomokuUITests */,
			);
		};
/* End PBXProject section */

/* Begin PBXResourcesBuildPhase section */
		7F8D7BF92D47575A00B5E1BD /* Resources */ = {
			isa = PBXResourcesBuildPhase;
			buildActionMask = 2147483647;
			files = (
				7F732BF72DDD4B820079BA4E /* sprites.sks in Resources */,
				7F8D7C012D47575A00B5E1BD /* GameScene.sks in Resources */,
				7F8D7C0A2D47575A00B5E1BD /* Base in Resources */,
				7F8D7C0C2D47575B00B5E1BD /* Assets.xcassets in Resources */,
				7F8D7C032D47575A00B5E1BD /* Actions.sks in Resources */,
				7FE2D9482DF18BB2003586EF /* inscriptions.json in Resources */,
				7F8D7C0F2D47575B00B5E1BD /* Base in Resources */,
			);
			runOnlyForDeploymentPostprocessing = 0;
		};
		7F8D7C122D47575B00B5E1BD /* Resources */ = {
			isa = PBXResourcesBuildPhase;
			buildActionMask = 2147483647;
			files = (
			);
			runOnlyForDeploymentPostprocessing = 0;
		};
		7F8D7C1C2D47575B00B5E1BD /* Resources */ = {
			isa = PBXResourcesBuildPhase;
			buildActionMask = 2147483647;
			files = (
			);
			runOnlyForDeploymentPostprocessing = 0;
		};
/* End PBXResourcesBuildPhase section */

/* Begin PBXSourcesBuildPhase section */
		7F8D7BF72D47575A00B5E1BD /* Sources */ = {
			isa = PBXSourcesBuildPhase;
			buildActionMask = 2147483647;
			files = (
				7F8D7C052D47575A00B5E1BD /* GameScene.swift in Sources */,
				7F8D7C322D500C7F00B5E1BD /* AIEngine.swift in Sources */,
				7FE2D9422DE65236003586EF /* GameLog.swift in Sources */,
				7F4DBD2F2DE16A39004973C9 /* AnimationStateMachine.swift in Sources */,
				7FE2D9462DF1879F003586EF /* Door.swift in Sources */,
				7F8D7C072D47575A00B5E1BD /* GameViewController.swift in Sources */,
				7FE2D9402DE65112003586EF /* Robot.swift in Sources */,
				7F8D7BFF2D47575A00B5E1BD /* AppDelegate.swift in Sources */,
				7FE2D9442DEB923E003586EF /* HUDLayer.swift in Sources */,
			);
			runOnlyForDeploymentPostprocessing = 0;
		};
		7F8D7C102D47575B00B5E1BD /* Sources */ = {
			isa = PBXSourcesBuildPhase;
			buildActionMask = 2147483647;
			files = (
				7F8D7C192D47575B00B5E1BD /* GomokuTests.swift in Sources */,
			);
			runOnlyForDeploymentPostprocessing = 0;
		};
		7F8D7C1A2D47575B00B5E1BD /* Sources */ = {
			isa = PBXSourcesBuildPhase;
			buildActionMask = 2147483647;
			files = (
				7F8D7C252D47575B00B5E1BD /* GomokuUITestsLaunchTests.swift in Sources */,
				7F8D7C232D47575B00B5E1BD /* GomokuUITests.swift in Sources */,
			);
			runOnlyForDeploymentPostprocessing = 0;
		};
/* End PBXSourcesBuildPhase section */

/* Begin PBXTargetDependency section */
		7F8D7C162D47575B00B5E1BD /* PBXTargetDependency */ = {
			isa = PBXTargetDependency;
			target = 7F8D7BFA2D47575A00B5E1BD /* Gomoku */;
			targetProxy = 7F8D7C152D47575B00B5E1BD /* PBXContainerItemProxy */;
		};
		7F8D7C202D47575B00B5E1BD /* PBXTargetDependency */ = {
			isa = PBXTargetDependency;
			target = 7F8D7BFA2D47575A00B5E1BD /* Gomoku */;
			targetProxy = 7F8D7C1F2D47575B00B5E1BD /* PBXContainerItemProxy */;
		};
/* End PBXTargetDependency section */

/* Begin PBXVariantGroup section */
		7F8D7C082D47575A00B5E1BD /* Main.storyboard */ = {
			isa = PBXVariantGroup;
			children = (
				7F8D7C092D47575A00B5E1BD /* Base */,
			);
			name = Main.storyboard;
			sourceTree = "<group>";
		};
		7F8D7C0D2D47575B00B5E1BD /* LaunchScreen.storyboard */ = {
			isa = PBXVariantGroup;
			children = (
				7F8D7C0E2D47575B00B5E1BD /* Base */,
			);
			name = LaunchScreen.storyboard;
			sourceTree = "<group>";
		};
/* End PBXVariantGroup section */

/* Begin XCBuildConfiguration section */
		7F8D7C262D47575B00B5E1BD /* Debug */ = {
			isa = XCBuildConfiguration;
			buildSettings = {
				ALWAYS_SEARCH_USER_PATHS = NO;
				ASSETCATALOG_COMPILER_GENERATE_SWIFT_ASSET_SYMBOL_EXTENSIONS = YES;
				CLANG_ANALYZER_NONNULL = YES;
				CLANG_ANALYZER_NUMBER_OBJECT_CONVERSION = YES_AGGRESSIVE;
				CLANG_CXX_LANGUAGE_STANDARD = "gnu++20";
				CLANG_ENABLE_MODULES = YES;
				CLANG_ENABLE_OBJC_ARC = YES;
				CLANG_ENABLE_OBJC_WEAK = YES;
				CLANG_WARN_BLOCK_CAPTURE_AUTORELEASING = YES;
				CLANG_WARN_BOOL_CONVERSION = YES;
				CLANG_WARN_COMMA = YES;
				CLANG_WARN_CONSTANT_CONVERSION = YES;
				CLANG_WARN_DEPRECATED_OBJC_IMPLEMENTATIONS = YES;
				CLANG_WARN_DIRECT_OBJC_ISA_USAGE = YES_ERROR;
				CLANG_WARN_DOCUMENTATION_COMMENTS = YES;
				CLANG_WARN_EMPTY_BODY = YES;
				CLANG_WARN_ENUM_CONVERSION = YES;
				CLANG_WARN_INFINITE_RECURSION = YES;
				CLANG_WARN_INT_CONVERSION = YES;
				CLANG_WARN_NON_LITERAL_NULL_CONVERSION = YES;
				CLANG_WARN_OBJC_IMPLICIT_RETAIN_SELF = YES;
				CLANG_WARN_OBJC_LITERAL_CONVERSION = YES;
				CLANG_WARN_OBJC_ROOT_CLASS = YES_ERROR;
				CLANG_WARN_QUOTED_INCLUDE_IN_FRAMEWORK_HEADER = YES;
				CLANG_WARN_RANGE_LOOP_ANALYSIS = YES;
				CLANG_WARN_STRICT_PROTOTYPES = YES;
				CLANG_WARN_SUSPICIOUS_MOVE = YES;
				CLANG_WARN_UNGUARDED_AVAILABILITY = YES_AGGRESSIVE;
				CLANG_WARN_UNREACHABLE_CODE = YES;
				CLANG_WARN__DUPLICATE_METHOD_MATCH = YES;
				COPY_PHASE_STRIP = NO;
				DEBUG_INFORMATION_FORMAT = dwarf;
				ENABLE_STRICT_OBJC_MSGSEND = YES;
				ENABLE_TESTABILITY = YES;
				ENABLE_USER_SCRIPT_SANDBOXING = YES;
				GCC_C_LANGUAGE_STANDARD = gnu17;
				GCC_DYNAMIC_NO_PIC = NO;
				GCC_NO_COMMON_BLOCKS = YES;
				GCC_OPTIMIZATION_LEVEL = 0;
				GCC_PREPROCESSOR_DEFINITIONS = (
					"DEBUG=1",
					"$(inherited)",
				);
				GCC_WARN_64_TO_32_BIT_CONVERSION = YES;
				GCC_WARN_ABOUT_RETURN_TYPE = YES_ERROR;
				GCC_WARN_UNDECLARED_SELECTOR = YES;
				GCC_WARN_UNINITIALIZED_AUTOS = YES_AGGRESSIVE;
				GCC_WARN_UNUSED_FUNCTION = YES;
				GCC_WARN_UNUSED_VARIABLE = YES;
				IPHONEOS_DEPLOYMENT_TARGET = 17.4;
				LOCALIZATION_PREFERS_STRING_CATALOGS = YES;
				MTL_ENABLE_DEBUG_INFO = INCLUDE_SOURCE;
				MTL_FAST_MATH = YES;
				ONLY_ACTIVE_ARCH = YES;
				SDKROOT = iphoneos;
				SWIFT_ACTIVE_COMPILATION_CONDITIONS = "DEBUG $(inherited)";
				SWIFT_OPTIMIZATION_LEVEL = "-Onone";
			};
			name = Debug;
		};
		7F8D7C272D47575B00B5E1BD /* Release */ = {
			isa = XCBuildConfiguration;
			buildSettings = {
				ALWAYS_SEARCH_USER_PATHS = NO;
				ASSETCATALOG_COMPILER_GENERATE_SWIFT_ASSET_SYMBOL_EXTENSIONS = YES;
				CLANG_ANALYZER_NONNULL = YES;
				CLANG_ANALYZER_NUMBER_OBJECT_CONVERSION = YES_AGGRESSIVE;
				CLANG_CXX_LANGUAGE_STANDARD = "gnu++20";
				CLANG_ENABLE_MODULES = YES;
				CLANG_ENABLE_OBJC_ARC = YES;
				CLANG_ENABLE_OBJC_WEAK = YES;
				CLANG_WARN_BLOCK_CAPTURE_AUTORELEASING = YES;
				CLANG_WARN_BOOL_CONVERSION = YES;
				CLANG_WARN_COMMA = YES;
				CLANG_WARN_CONSTANT_CONVERSION = YES;
				CLANG_WARN_DEPRECATED_OBJC_IMPLEMENTATIONS = YES;
				CLANG_WARN_DIRECT_OBJC_ISA_USAGE = YES_ERROR;
				CLANG_WARN_DOCUMENTATION_COMMENTS = YES;
				CLANG_WARN_EMPTY_BODY = YES;
				CLANG_WARN_ENUM_CONVERSION = YES;
				CLANG_WARN_INFINITE_RECURSION = YES;
				CLANG_WARN_INT_CONVERSION = YES;
				CLANG_WARN_NON_LITERAL_NULL_CONVERSION = YES;
				CLANG_WARN_OBJC_IMPLICIT_RETAIN_SELF = YES;
				CLANG_WARN_OBJC_LITERAL_CONVERSION = YES;
				CLANG_WARN_OBJC_ROOT_CLASS = YES_ERROR;
				CLANG_WARN_QUOTED_INCLUDE_IN_FRAMEWORK_HEADER = YES;
				CLANG_WARN_RANGE_LOOP_ANALYSIS = YES;
				CLANG_WARN_STRICT_PROTOTYPES = YES;
				CLANG_WARN_SUSPICIOUS_MOVE = YES;
				CLANG_WARN_UNGUARDED_AVAILABILITY = YES_AGGRESSIVE;
				CLANG_WARN_UNREACHABLE_CODE = YES;
				CLANG_WARN__DUPLICATE_METHOD_MATCH = YES;
				COPY_PHASE_STRIP = NO;
				DEBUG_INFORMATION_FORMAT = "dwarf-with-dsym";
				ENABLE_NS_ASSERTIONS = NO;
				ENABLE_STRICT_OBJC_MSGSEND = YES;
				ENABLE_USER_SCRIPT_SANDBOXING = YES;
				GCC_C_LANGUAGE_STANDARD = gnu17;
				GCC_NO_COMMON_BLOCKS = YES;
				GCC_WARN_64_TO_32_BIT_CONVERSION = YES;
				GCC_WARN_ABOUT_RETURN_TYPE = YES_ERROR;
				GCC_WARN_UNDECLARED_SELECTOR = YES;
				GCC_WARN_UNINITIALIZED_AUTOS = YES_AGGRESSIVE;
				GCC_WARN_UNUSED_FUNCTION = YES;
				GCC_WARN_UNUSED_VARIABLE = YES;
				IPHONEOS_DEPLOYMENT_TARGET = 17.4;
				LOCALIZATION_PREFERS_STRING_CATALOGS = YES;
				MTL_ENABLE_DEBUG_INFO = NO;
				MTL_FAST_MATH = YES;
				SDKROOT = iphoneos;
				SWIFT_COMPILATION_MODE = wholemodule;
				VALIDATE_PRODUCT = YES;
			};
			name = Release;
		};
		7F8D7C292D47575B00B5E1BD /* Debug */ = {
			isa = XCBuildConfiguration;
			buildSettings = {
				ASSETCATALOG_COMPILER_APPICON_NAME = AppIcon;
				ASSETCATALOG_COMPILER_GLOBAL_ACCENT_COLOR_NAME = AccentColor;
				CODE_SIGN_STYLE = Automatic;
				CURRENT_PROJECT_VERSION = 1;
				DEVELOPMENT_TEAM = DZWMPPEXQ8;
				GENERATE_INFOPLIST_FILE = YES;
				INFOPLIST_KEY_UIApplicationSupportsIndirectInputEvents = YES;
				INFOPLIST_KEY_UILaunchStoryboardName = LaunchScreen;
				INFOPLIST_KEY_UIMainStoryboardFile = Main;
				INFOPLIST_KEY_UIStatusBarHidden = YES;
				INFOPLIST_KEY_UISupportedInterfaceOrientations = UIInterfaceOrientationPortrait;
				INFOPLIST_KEY_UISupportedInterfaceOrientations_iPad = "UIInterfaceOrientationLandscapeLeft UIInterfaceOrientationLandscapeRight UIInterfaceOrientationPortrait UIInterfaceOrientationPortraitUpsideDown";
				LD_RUNPATH_SEARCH_PATHS = (
					"$(inherited)",
					"@executable_path/Frameworks",
				);
				MARKETING_VERSION = 1.0;
				PRODUCT_BUNDLE_IDENTIFIER = vojta.Gomoku;
				PRODUCT_NAME = "$(TARGET_NAME)";
				SUPPORTED_PLATFORMS = "iphoneos iphonesimulator";
				SUPPORTS_MACCATALYST = NO;
				SUPPORTS_XR_DESIGNED_FOR_IPHONE_IPAD = NO;
				SWIFT_EMIT_LOC_STRINGS = YES;
				SWIFT_VERSION = 5.0;
				TARGETED_DEVICE_FAMILY = 1;
			};
			name = Debug;
		};
		7F8D7C2A2D47575B00B5E1BD /* Release */ = {
			isa = XCBuildConfiguration;
			buildSettings = {
				ASSETCATALOG_COMPILER_APPICON_NAME = AppIcon;
				ASSETCATALOG_COMPILER_GLOBAL_ACCENT_COLOR_NAME = AccentColor;
				CODE_SIGN_STYLE = Automatic;
				CURRENT_PROJECT_VERSION = 1;
				DEVELOPMENT_TEAM = DZWMPPEXQ8;
				GENERATE_INFOPLIST_FILE = YES;
				INFOPLIST_KEY_UIApplicationSupportsIndirectInputEvents = YES;
				INFOPLIST_KEY_UILaunchStoryboardName = LaunchScreen;
				INFOPLIST_KEY_UIMainStoryboardFile = Main;
				INFOPLIST_KEY_UIStatusBarHidden = YES;
				INFOPLIST_KEY_UISupportedInterfaceOrientations = UIInterfaceOrientationPortrait;
				INFOPLIST_KEY_UISupportedInterfaceOrientations_iPad = "UIInterfaceOrientationLandscapeLeft UIInterfaceOrientationLandscapeRight UIInterfaceOrientationPortrait UIInterfaceOrientationPortraitUpsideDown";
				LD_RUNPATH_SEARCH_PATHS = (
					"$(inherited)",
					"@executable_path/Frameworks",
				);
				MARKETING_VERSION = 1.0;
				PRODUCT_BUNDLE_IDENTIFIER = vojta.Gomoku;
				PRODUCT_NAME = "$(TARGET_NAME)";
				SUPPORTED_PLATFORMS = "iphoneos iphonesimulator";
				SUPPORTS_MACCATALYST = NO;
				SUPPORTS_XR_DESIGNED_FOR_IPHONE_IPAD = NO;
				SWIFT_EMIT_LOC_STRINGS = YES;
				SWIFT_VERSION = 5.0;
				TARGETED_DEVICE_FAMILY = 1;
			};
			name = Release;
		};
		7F8D7C2C2D47575B00B5E1BD /* Debug */ = {
			isa = XCBuildConfiguration;
			buildSettings = {
				ALWAYS_EMBED_SWIFT_STANDARD_LIBRARIES = YES;
				BUNDLE_LOADER = "$(TEST_HOST)";
				CODE_SIGN_STYLE = Automatic;
				CURRENT_PROJECT_VERSION = 1;
				DEVELOPMENT_TEAM = DZWMPPEXQ8;
				GENERATE_INFOPLIST_FILE = YES;
				IPHONEOS_DEPLOYMENT_TARGET = 17.4;
				MARKETING_VERSION = 1.0;
				PRODUCT_BUNDLE_IDENTIFIER = vojta.GomokuTests;
				PRODUCT_NAME = "$(TARGET_NAME)";
				SWIFT_EMIT_LOC_STRINGS = NO;
				SWIFT_VERSION = 5.0;
				TARGETED_DEVICE_FAMILY = "1,2";
				TEST_HOST = "$(BUILT_PRODUCTS_DIR)/Gomoku.app/$(BUNDLE_EXECUTABLE_FOLDER_PATH)/Gomoku";
			};
			name = Debug;
		};
		7F8D7C2D2D47575B00B5E1BD /* Release */ = {
			isa = XCBuildConfiguration;
			buildSettings = {
				ALWAYS_EMBED_SWIFT_STANDARD_LIBRARIES = YES;
				BUNDLE_LOADER = "$(TEST_HOST)";
				CODE_SIGN_STYLE = Automatic;
				CURRENT_PROJECT_VERSION = 1;
				DEVELOPMENT_TEAM = DZWMPPEXQ8;
				GENERATE_INFOPLIST_FILE = YES;
				IPHONEOS_DEPLOYMENT_TARGET = 17.4;
				MARKETING_VERSION = 1.0;
				PRODUCT_BUNDLE_IDENTIFIER = vojta.GomokuTests;
				PRODUCT_NAME = "$(TARGET_NAME)";
				SWIFT_EMIT_LOC_STRINGS = NO;
				SWIFT_VERSION = 5.0;
				TARGETED_DEVICE_FAMILY = "1,2";
				TEST_HOST = "$(BUILT_PRODUCTS_DIR)/Gomoku.app/$(BUNDLE_EXECUTABLE_FOLDER_PATH)/Gomoku";
			};
			name = Release;
		};
		7F8D7C2F2D47575B00B5E1BD /* Debug */ = {
			isa = XCBuildConfiguration;
			buildSettings = {
				ALWAYS_EMBED_SWIFT_STANDARD_LIBRARIES = YES;
				CODE_SIGN_STYLE = Automatic;
				CURRENT_PROJECT_VERSION = 1;
				DEVELOPMENT_TEAM = DZWMPPEXQ8;
				GENERATE_INFOPLIST_FILE = YES;
				MARKETING_VERSION = 1.0;
				PRODUCT_BUNDLE_IDENTIFIER = vojta.GomokuUITests;
				PRODUCT_NAME = "$(TARGET_NAME)";
				SWIFT_EMIT_LOC_STRINGS = NO;
				SWIFT_VERSION = 5.0;
				TARGETED_DEVICE_FAMILY = "1,2";
				TEST_TARGET_NAME = Gomoku;
			};
			name = Debug;
		};
		7F8D7C302D47575B00B5E1BD /* Release */ = {
			isa = XCBuildConfiguration;
			buildSettings = {
				ALWAYS_EMBED_SWIFT_STANDARD_LIBRARIES = YES;
				CODE_SIGN_STYLE = Automatic;
				CURRENT_PROJECT_VERSION = 1;
				DEVELOPMENT_TEAM = DZWMPPEXQ8;
				GENERATE_INFOPLIST_FILE = YES;
				MARKETING_VERSION = 1.0;
				PRODUCT_BUNDLE_IDENTIFIER = vojta.GomokuUITests;
				PRODUCT_NAME = "$(TARGET_NAME)";
				SWIFT_EMIT_LOC_STRINGS = NO;
				SWIFT_VERSION = 5.0;
				TARGETED_DEVICE_FAMILY = "1,2";
				TEST_TARGET_NAME = Gomoku;
			};
			name = Release;
		};
/* End XCBuildConfiguration section */

/* Begin XCConfigurationList section */
		7F8D7BF62D47575A00B5E1BD /* Build configuration list for PBXProject "Gomoku" */ = {
			isa = XCConfigurationList;
			buildConfigurations = (
				7F8D7C262D47575B00B5E1BD /* Debug */,
				7F8D7C272D47575B00B5E1BD /* Release */,
			);
			defaultConfigurationIsVisible = 0;
			defaultConfigurationName = Release;
		};
		7F8D7C282D47575B00B5E1BD /* Build configuration list for PBXNativeTarget "Gomoku" */ = {
			isa = XCConfigurationList;
			buildConfigurations = (
				7F8D7C292D47575B00B5E1BD /* Debug */,
				7F8D7C2A2D47575B00B5E1BD /* Release */,
			);
			defaultConfigurationIsVisible = 0;
			defaultConfigurationName = Release;
		};
		7F8D7C2B2D47575B00B5E1BD /* Build configuration list for PBXNativeTarget "GomokuTests" */ = {
			isa = XCConfigurationList;
			buildConfigurations = (
				7F8D7C2C2D47575B00B5E1BD /* Debug */,
				7F8D7C2D2D47575B00B5E1BD /* Release */,
			);
			defaultConfigurationIsVisible = 0;
			defaultConfigurationName = Release;
		};
		7F8D7C2E2D47575B00B5E1BD /* Build configuration list for PBXNativeTarget "GomokuUITests" */ = {
			isa = XCConfigurationList;
			buildConfigurations = (
				7F8D7C2F2D47575B00B5E1BD /* Debug */,
				7F8D7C302D47575B00B5E1BD /* Release */,
			);
			defaultConfigurationIsVisible = 0;
			defaultConfigurationName = Release;
		};
/* End XCConfigurationList section */
	};
	rootObject = 7F8D7BF32D47575A00B5E1BD /* Project object */;
}
